
Microsoft Visual Studio Solution File, Format Version 12.00
Project("{2150E333-8FDC-42A3-9474-1A3956D46DE8}") = "src", "src", "{827E0CD3-B72D-47B6-A68D-7590B98EB39B}"
EndProject
Project("{2150E333-8FDC-42A3-9474-1A3956D46DE8}") = "Shared", "Shared", "{C8E42992-5E42-0C2B-DBFE-AA848D06431C}"
EndProject
Project("{FAE04EC0-301F-11D3-BF4B-00C04F79EFBC}") = "Pulse.Contracts", "src\Shared\Pulse.Contracts\Pulse.Contracts.csproj", "{9AD33B16-4049-4628-94A7-D3F2BCDE7ADB}"
EndProject
Project("{2150E333-8FDC-42A3-9474-1A3956D46DE8}") = "Services", "Services", "{984BB9B3-3FA3-BE33-9484-CAC21695A33C}"
EndProject
Project("{2150E333-8FDC-42A3-9474-1A3956D46DE8}") = "Pulse.Contacts", "Pulse.Contacts", "{F6747835-2FAA-09D3-7524-91D035929349}"
EndProject
Project("{FAE04EC0-301F-11D3-BF4B-00C04F79EFBC}") = "Pulse.Contacts.Domain", "src\Services\Pulse.Contacts\Pulse.Contacts.Domain\Pulse.Contacts.Domain.csproj", "{427CFF4E-294A-405C-A99B-929DE6C409F0}"
EndProject
Project("{FAE04EC0-301F-11D3-BF4B-00C04F79EFBC}") = "Pulse.Contacts.Application", "src\Services\Pulse.Contacts\Pulse.Contacts.Application\Pulse.Contacts.Application.csproj", "{53ACEB46-79C5-4A3B-808F-90388119CAA1}"
EndProject
Project("{FAE04EC0-301F-11D3-BF4B-00C04F79EFBC}") = "Pulse.Contacts.Infrastructure", "src\Services\Pulse.Contacts\Pulse.Contacts.Infrastructure\Pulse.Contacts.Infrastructure.csproj", "{8D3F3748-3CB2-49C7-98C9-AF8EDCFFF3C7}"
EndProject
Project("{FAE04EC0-301F-11D3-BF4B-00C04F79EFBC}") = "Pulse.Contacts.API", "src\Services\Pulse.Contacts\Pulse.Contacts.API\Pulse.Contacts.API.csproj", "{84946866-27BC-46CD-A0C4-EA3BACE18A32}"
EndProject
Project("{2150E333-8FDC-42A3-9474-1A3956D46DE8}") = "Pulse.Campaigns", "Pulse.Campaigns", "{4D0E6B2A-90C3-60D0-DC3B-430151A7E371}"
EndProject
Project("{FAE04EC0-301F-11D3-BF4B-00C04F79EFBC}") = "Pulse.Campaigns.Domain", "src\Services\Pulse.Campaigns\Pulse.Campaigns.Domain\Pulse.Campaigns.Domain.csproj", "{78BFCDBB-7137-400E-B48E-B70C40E8032D}"
EndProject
Project("{FAE04EC0-301F-11D3-BF4B-00C04F79EFBC}") = "Pulse.Campaigns.Application", "src\Services\Pulse.Campaigns\Pulse.Campaigns.Application\Pulse.Campaigns.Application.csproj", "{6C281601-1884-4AF0-AA7C-D464F1CFD304}"
EndProject
Project("{FAE04EC0-301F-11D3-BF4B-00C04F79EFBC}") = "Pulse.Campaigns.Infrastructure", "src\Services\Pulse.Campaigns\Pulse.Campaigns.Infrastructure\Pulse.Campaigns.Infrastructure.csproj", "{55EBAC02-E07E-4DA8-8BE6-33A4FF98DB5C}"
EndProject
Project("{FAE04EC0-301F-11D3-BF4B-00C04F79EFBC}") = "Pulse.Campaigns.API", "src\Services\Pulse.Campaigns\Pulse.Campaigns.API\Pulse.Campaigns.API.csproj", "{ED1EE665-14D1-4A55-9401-7A33628A5F39}"
EndProject
Project("{2150E333-8FDC-42A3-9474-1A3956D46DE8}") = "Workers", "Workers", "{FE5F7021-A3C9-35C7-FF50-8DA81625868E}"
EndProject
Project("{FAE04EC0-301F-11D3-BF4B-00C04F79EFBC}") = "Pulse.CampaignWorker", "src\Workers\Pulse.CampaignWorker\Pulse.CampaignWorker.csproj", "{E261D768-982E-476E-8DFA-332E5FFAFA97}"
EndProject
Project("{2150E333-8FDC-42A3-9474-1A3956D46DE8}") = "Frontend", "Frontend", "{42299874-777B-F2D0-9D08-D24097ABCE7E}"
EndProject
Project("{FAE04EC0-301F-11D3-BF4B-00C04F79EFBC}") = "Pulse.Dashboard", "src\Frontend\Pulse.Dashboard\Pulse.Dashboard.csproj", "{FD33D894-A4BE-4377-9D35-360ADA06F85E}"
EndProject
Project("{2150E333-8FDC-42A3-9474-1A3956D46DE8}") = "tests", "tests", "{0AB3BF05-4346-4AA6-1389-037BE0695223}"
EndProject
Project("{FAE04EC0-301F-11D3-BF4B-00C04F79EFBC}") = "Pulse.Contacts.Tests", "tests\Pulse.Contacts.Tests\Pulse.Contacts.Tests.csproj", "{ED78FB99-5966-4F10-B03F-AB0E7777DB93}"
EndProject
Project("{FAE04EC0-301F-11D3-BF4B-00C04F79EFBC}") = "Pulse.Campaigns.Tests", "tests\Pulse.Campaigns.Tests\Pulse.Campaigns.Tests.csproj", "{9BD6D508-402E-4C80-89D9-807F434A8915}"
EndProject
Global
	GlobalSection(SolutionConfigurationPlatforms) = preSolution
		Debug|Any CPU = Debug|Any CPU
		Debug|x64 = Debug|x64
		Debug|x86 = Debug|x86
		Release|Any CPU = Release|Any CPU
		Release|x64 = Release|x64
		Release|x86 = Release|x86
	EndGlobalSection
	GlobalSection(ProjectConfigurationPlatforms) = postSolution
		{9AD33B16-4049-4628-94A7-D3F2BCDE7ADB}.Debug|Any CPU.ActiveCfg = Debug|Any CPU
		{9AD33B16-4049-4628-94A7-D3F2BCDE7ADB}.Debug|Any CPU.Build.0 = Debug|Any CPU
		{9AD33B16-4049-4628-94A7-D3F2BCDE7ADB}.Debug|x64.ActiveCfg = Debug|Any CPU
		{9AD33B16-4049-4628-94A7-D3F2BCDE7ADB}.Debug|x64.Build.0 = Debug|Any CPU
		{9AD33B16-4049-4628-94A7-D3F2BCDE7ADB}.Debug|x86.ActiveCfg = Debug|Any CPU
		{9AD33B16-4049-4628-94A7-D3F2BCDE7ADB}.Debug|x86.Build.0 = Debug|Any CPU
		{9AD33B16-4049-4628-94A7-D3F2BCDE7ADB}.Release|Any CPU.ActiveCfg = Release|Any CPU
		{9AD33B16-4049-4628-94A7-D3F2BCDE7ADB}.Release|Any CPU.Build.0 = Release|Any CPU
		{9AD33B16-4049-4628-94A7-D3F2BCDE7ADB}.Release|x64.ActiveCfg = Release|Any CPU
		{9AD33B16-4049-4628-94A7-D3F2BCDE7ADB}.Release|x64.Build.0 = Release|Any CPU
		{9AD33B16-4049-4628-94A7-D3F2BCDE7ADB}.Release|x86.ActiveCfg = Release|Any CPU
		{9AD33B16-4049-4628-94A7-D3F2BCDE7ADB}.Release|x86.Build.0 = Release|Any CPU
		{427CFF4E-294A-405C-A99B-929DE6C409F0}.Debug|Any CPU.ActiveCfg = Debug|Any CPU
		{427CFF4E-294A-405C-A99B-929DE6C409F0}.Debug|Any CPU.Build.0 = Debug|Any CPU
		{427CFF4E-294A-405C-A99B-929DE6C409F0}.Debug|x64.ActiveCfg = Debug|Any CPU
		{427CFF4E-294A-405C-A99B-929DE6C409F0}.Debug|x64.Build.0 = Debug|Any CPU
		{427CFF4E-294A-405C-A99B-929DE6C409F0}.Debug|x86.ActiveCfg = Debug|Any CPU
		{427CFF4E-294A-405C-A99B-929DE6C409F0}.Debug|x86.Build.0 = Debug|Any CPU
		{427CFF4E-294A-405C-A99B-929DE6C409F0}.Release|Any CPU.ActiveCfg = Release|Any CPU
		{427CFF4E-294A-405C-A99B-929DE6C409F0}.Release|Any CPU.Build.0 = Release|Any CPU
		{427CFF4E-294A-405C-A99B-929DE6C409F0}.Release|x64.ActiveCfg = Release|Any CPU
		{427CFF4E-294A-405C-A99B-929DE6C409F0}.Release|x64.Build.0 = Release|Any CPU
		{427CFF4E-294A-405C-A99B-929DE6C409F0}.Release|x86.ActiveCfg = Release|Any CPU
		{427CFF4E-294A-405C-A99B-929DE6C409F0}.Release|x86.Build.0 = Release|Any CPU
		{53ACEB46-79C5-4A3B-808F-90388119CAA1}.Debug|Any CPU.ActiveCfg = Debug|Any CPU
		{53ACEB46-79C5-4A3B-808F-90388119CAA1}.Debug|Any CPU.Build.0 = Debug|Any CPU
		{53ACEB46-79C5-4A3B-808F-90388119CAA1}.Debug|x64.ActiveCfg = Debug|Any CPU
		{53ACEB46-79C5-4A3B-808F-90388119CAA1}.Debug|x64.Build.0 = Debug|Any CPU
		{53ACEB46-79C5-4A3B-808F-90388119CAA1}.Debug|x86.ActiveCfg = Debug|Any CPU
		{53ACEB46-79C5-4A3B-808F-90388119CAA1}.Debug|x86.Build.0 = Debug|Any CPU
		{53ACEB46-79C5-4A3B-808F-90388119CAA1}.Release|Any CPU.ActiveCfg = Release|Any CPU
		{53ACEB46-79C5-4A3B-808F-90388119CAA1}.Release|Any CPU.Build.0 = Release|Any CPU
		{53ACEB46-79C5-4A3B-808F-90388119CAA1}.Release|x64.ActiveCfg = Release|Any CPU
		{53ACEB46-79C5-4A3B-808F-90388119CAA1}.Release|x64.Build.0 = Release|Any CPU
		{53ACEB46-79C5-4A3B-808F-90388119CAA1}.Release|x86.ActiveCfg = Release|Any CPU
		{53ACEB46-79C5-4A3B-808F-90388119CAA1}.Release|x86.Build.0 = Release|Any CPU
		{8D3F3748-3CB2-49C7-98C9-AF8EDCFFF3C7}.Debug|Any CPU.ActiveCfg = Debug|Any CPU
		{8D3F3748-3CB2-49C7-98C9-AF8EDCFFF3C7}.Debug|Any CPU.Build.0 = Debug|Any CPU
		{8D3F3748-3CB2-49C7-98C9-AF8EDCFFF3C7}.Debug|x64.ActiveCfg = Debug|Any CPU
		{8D3F3748-3CB2-49C7-98C9-AF8EDCFFF3C7}.Debug|x64.Build.0 = Debug|Any CPU
		{8D3F3748-3CB2-49C7-98C9-AF8EDCFFF3C7}.Debug|x86.ActiveCfg = Debug|Any CPU
		{8D3F3748-3CB2-49C7-98C9-AF8EDCFFF3C7}.Debug|x86.Build.0 = Debug|Any CPU
		{8D3F3748-3CB2-49C7-98C9-AF8EDCFFF3C7}.Release|Any CPU.ActiveCfg = Release|Any CPU
		{8D3F3748-3CB2-49C7-98C9-AF8EDCFFF3C7}.Release|Any CPU.Build.0 = Release|Any CPU
		{8D3F3748-3CB2-49C7-98C9-AF8EDCFFF3C7}.Release|x64.ActiveCfg = Release|Any CPU
		{8D3F3748-3CB2-49C7-98C9-AF8EDCFFF3C7}.Release|x64.Build.0 = Release|Any CPU
		{8D3F3748-3CB2-49C7-98C9-AF8EDCFFF3C7}.Release|x86.ActiveCfg = Release|Any CPU
		{8D3F3748-3CB2-49C7-98C9-AF8EDCFFF3C7}.Release|x86.Build.0 = Release|Any CPU
		{84946866-27BC-46CD-A0C4-EA3BACE18A32}.Debug|Any CPU.ActiveCfg = Debug|Any CPU
		{84946866-27BC-46CD-A0C4-EA3BACE18A32}.Debug|Any CPU.Build.0 = Debug|Any CPU
		{84946866-27BC-46CD-A0C4-EA3BACE18A32}.Debug|x64.ActiveCfg = Debug|Any CPU
		{84946866-27BC-46CD-A0C4-EA3BACE18A32}.Debug|x64.Build.0 = Debug|Any CPU
		{84946866-27BC-46CD-A0C4-EA3BACE18A32}.Debug|x86.ActiveCfg = Debug|Any CPU
		{84946866-27BC-46CD-A0C4-EA3BACE18A32}.Debug|x86.Build.0 = Debug|Any CPU
		{84946866-27BC-46CD-A0C4-EA3BACE18A32}.Release|Any CPU.ActiveCfg = Release|Any CPU
		{84946866-27BC-46CD-A0C4-EA3BACE18A32}.Release|Any CPU.Build.0 = Release|Any CPU
		{84946866-27BC-46CD-A0C4-EA3BACE18A32}.Release|x64.ActiveCfg = Release|Any CPU
		{84946866-27BC-46CD-A0C4-EA3BACE18A32}.Release|x64.Build.0 = Release|Any CPU
		{84946866-27BC-46CD-A0C4-EA3BACE18A32}.Release|x86.ActiveCfg = Release|Any CPU
		{84946866-27BC-46CD-A0C4-EA3BACE18A32}.Release|x86.Build.0 = Release|Any CPU
		{78BFCDBB-7137-400E-B48E-B70C40E8032D}.Debug|Any CPU.ActiveCfg = Debug|Any CPU
		{78BFCDBB-7137-400E-B48E-B70C40E8032D}.Debug|Any CPU.Build.0 = Debug|Any CPU
		{78BFCDBB-7137-400E-B48E-B70C40E8032D}.Debug|x64.ActiveCfg = Debug|Any CPU
		{78BFCDBB-7137-400E-B48E-B70C40E8032D}.Debug|x64.Build.0 = Debug|Any CPU
		{78BFCDBB-7137-400E-B48E-B70C40E8032D}.Debug|x86.ActiveCfg = Debug|Any CPU
		{78BFCDBB-7137-400E-B48E-B70C40E8032D}.Debug|x86.Build.0 = Debug|Any CPU
		{78BFCDBB-7137-400E-B48E-B70C40E8032D}.Release|Any CPU.ActiveCfg = Release|Any CPU
		{78BFCDBB-7137-400E-B48E-B70C40E8032D}.Release|Any CPU.Build.0 = Release|Any CPU
		{78BFCDBB-7137-400E-B48E-B70C40E8032D}.Release|x64.ActiveCfg = Release|Any CPU
		{78BFCDBB-7137-400E-B48E-B70C40E8032D}.Release|x64.Build.0 = Release|Any CPU
		{78BFCDBB-7137-400E-B48E-B70C40E8032D}.Release|x86.ActiveCfg = Release|Any CPU
		{78BFCDBB-7137-400E-B48E-B70C40E8032D}.Release|x86.Build.0 = Release|Any CPU
		{6C281601-1884-4AF0-AA7C-D464F1CFD304}.Debug|Any CPU.ActiveCfg = Debug|Any CPU
		{6C281601-1884-4AF0-AA7C-D464F1CFD304}.Debug|Any CPU.Build.0 = Debug|Any CPU
		{6C281601-1884-4AF0-AA7C-D464F1CFD304}.Debug|x64.ActiveCfg = Debug|Any CPU
		{6C281601-1884-4AF0-AA7C-D464F1CFD304}.Debug|x64.Build.0 = Debug|Any CPU
		{6C281601-1884-4AF0-AA7C-D464F1CFD304}.Debug|x86.ActiveCfg = Debug|Any CPU
		{6C281601-1884-4AF0-AA7C-D464F1CFD304}.Debug|x86.Build.0 = Debug|Any CPU
		{6C281601-1884-4AF0-AA7C-D464F1CFD304}.Release|Any CPU.ActiveCfg = Release|Any CPU
		{6C281601-1884-4AF0-AA7C-D464F1CFD304}.Release|Any CPU.Build.0 = Release|Any CPU
		{6C281601-1884-4AF0-AA7C-D464F1CFD304}.Release|x64.ActiveCfg = Release|Any CPU
		{6C281601-1884-4AF0-AA7C-D464F1CFD304}.Release|x64.Build.0 = Release|Any CPU
		{6C281601-1884-4AF0-AA7C-D464F1CFD304}.Release|x86.ActiveCfg = Release|Any CPU
		{6C281601-1884-4AF0-AA7C-D464F1CFD304}.Release|x86.Build.0 = Release|Any CPU
		{55EBAC02-E07E-4DA8-8BE6-33A4FF98DB5C}.Debug|Any CPU.ActiveCfg = Debug|Any CPU
		{55EBAC02-E07E-4DA8-8BE6-33A4FF98DB5C}.Debug|Any CPU.Build.0 = Debug|Any CPU
		{55EBAC02-E07E-4DA8-8BE6-33A4FF98DB5C}.Debug|x64.ActiveCfg = Debug|Any CPU
		{55EBAC02-E07E-4DA8-8BE6-33A4FF98DB5C}.Debug|x64.Build.0 = Debug|Any CPU
		{55EBAC02-E07E-4DA8-8BE6-33A4FF98DB5C}.Debug|x86.ActiveCfg = Debug|Any CPU
		{55EBAC02-E07E-4DA8-8BE6-33A4FF98DB5C}.Debug|x86.Build.0 = Debug|Any CPU
		{55EBAC02-E07E-4DA8-8BE6-33A4FF98DB5C}.Release|Any CPU.ActiveCfg = Release|Any CPU
		{55EBAC02-E07E-4DA8-8BE6-33A4FF98DB5C}.Release|Any CPU.Build.0 = Release|Any CPU
		{55EBAC02-E07E-4DA8-8BE6-33A4FF98DB5C}.Release|x64.ActiveCfg = Release|Any CPU
		{55EBAC02-E07E-4DA8-8BE6-33A4FF98DB5C}.Release|x64.Build.0 = Release|Any CPU
		{55EBAC02-E07E-4DA8-8BE6-33A4FF98DB5C}.Release|x86.ActiveCfg = Release|Any CPU
		{55EBAC02-E07E-4DA8-8BE6-33A4FF98DB5C}.Release|x86.Build.0 = Release|Any CPU
		{ED1EE665-14D1-4A55-9401-7A33628A5F39}.Debug|Any CPU.ActiveCfg = Debug|Any CPU
		{ED1EE665-14D1-4A55-9401-7A33628A5F39}.Debug|Any CPU.Build.0 = Debug|Any CPU
		{ED1EE665-14D1-4A55-9401-7A33628A5F39}.Debug|x64.ActiveCfg = Debug|Any CPU
		{ED1EE665-14D1-4A55-9401-7A33628A5F39}.Debug|x64.Build.0 = Debug|Any CPU
		{ED1EE665-14D1-4A55-9401-7A33628A5F39}.Debug|x86.ActiveCfg = Debug|Any CPU
		{ED1EE665-14D1-4A55-9401-7A33628A5F39}.Debug|x86.Build.0 = Debug|Any CPU
		{ED1EE665-14D1-4A55-9401-7A33628A5F39}.Release|Any CPU.ActiveCfg = Release|Any CPU
		{ED1EE665-14D1-4A55-9401-7A33628A5F39}.Release|Any CPU.Build.0 = Release|Any CPU
		{ED1EE665-14D1-4A55-9401-7A33628A5F39}.Release|x64.ActiveCfg = Release|Any CPU
		{ED1EE665-14D1-4A55-9401-7A33628A5F39}.Release|x64.Build.0 = Release|Any CPU
		{ED1EE665-14D1-4A55-9401-7A33628A5F39}.Release|x86.ActiveCfg = Release|Any CPU
		{ED1EE665-14D1-4A55-9401-7A33628A5F39}.Release|x86.Build.0 = Release|Any CPU
		{E261D768-982E-476E-8DFA-332E5FFAFA97}.Debug|Any CPU.ActiveCfg = Debug|Any CPU
		{E261D768-982E-476E-8DFA-332E5FFAFA97}.Debug|Any CPU.Build.0 = Debug|Any CPU
		{E261D768-982E-476E-8DFA-332E5FFAFA97}.Debug|x64.ActiveCfg = Debug|Any CPU
		{E261D768-982E-476E-8DFA-332E5FFAFA97}.Debug|x64.Build.0 = Debug|Any CPU
		{E261D768-982E-476E-8DFA-332E5FFAFA97}.Debug|x86.ActiveCfg = Debug|Any CPU
		{E261D768-982E-476E-8DFA-332E5FFAFA97}.Debug|x86.Build.0 = Debug|Any CPU
		{E261D768-982E-476E-8DFA-332E5FFAFA97}.Release|Any CPU.ActiveCfg = Release|Any CPU
		{E261D768-982E-476E-8DFA-332E5FFAFA97}.Release|Any CPU.Build.0 = Release|Any CPU
		{E261D768-982E-476E-8DFA-332E5FFAFA97}.Release|x64.ActiveCfg = Release|Any CPU
		{E261D768-982E-476E-8DFA-332E5FFAFA97}.Release|x64.Build.0 = Release|Any CPU
		{E261D768-982E-476E-8DFA-332E5FFAFA97}.Release|x86.ActiveCfg = Release|Any CPU
		{E261D768-982E-476E-8DFA-332E5FFAFA97}.Release|x86.Build.0 = Release|Any CPU
		{FD33D894-A4BE-4377-9D35-360ADA06F85E}.Debug|Any CPU.ActiveCfg = Debug|Any CPU
		{FD33D894-A4BE-4377-9D35-360ADA06F85E}.Debug|Any CPU.Build.0 = Debug|Any CPU
		{FD33D894-A4BE-4377-9D35-360ADA06F85E}.Debug|x64.ActiveCfg = Debug|Any CPU
		{FD33D894-A4BE-4377-9D35-360ADA06F85E}.Debug|x64.Build.0 = Debug|Any CPU
		{FD33D894-A4BE-4377-9D35-360ADA06F85E}.Debug|x86.ActiveCfg = Debug|Any CPU
		{FD33D894-A4BE-4377-9D35-360ADA06F85E}.Debug|x86.Build.0 = Debug|Any CPU
		{FD33D894-A4BE-4377-9D35-360ADA06F85E}.Release|Any CPU.ActiveCfg = Release|Any CPU
		{FD33D894-A4BE-4377-9D35-360ADA06F85E}.Release|Any CPU.Build.0 = Release|Any CPU
		{FD33D894-A4BE-4377-9D35-360ADA06F85E}.Release|x64.ActiveCfg = Release|Any CPU
		{FD33D894-A4BE-4377-9D35-360ADA06F85E}.Release|x64.Build.0 = Release|Any CPU
		{FD33D894-A4BE-4377-9D35-360ADA06F85E}.Release|x86.ActiveCfg = Release|Any CPU
		{FD33D894-A4BE-4377-9D35-360ADA06F85E}.Release|x86.Build.0 = Release|Any CPU
		{ED78FB99-5966-4F10-B03F-AB0E7777DB93}.Debug|Any CPU.ActiveCfg = Debug|Any CPU
		{ED78FB99-5966-4F10-B03F-AB0E7777DB93}.Debug|Any CPU.Build.0 = Debug|Any CPU
		{ED78FB99-5966-4F10-B03F-AB0E7777DB93}.Debug|x64.ActiveCfg = Debug|Any CPU
		{ED78FB99-5966-4F10-B03F-AB0E7777DB93}.Debug|x64.Build.0 = Debug|Any CPU
		{ED78FB99-5966-4F10-B03F-AB0E7777DB93}.Debug|x86.ActiveCfg = Debug|Any CPU
		{ED78FB99-5966-4F10-B03F-AB0E7777DB93}.Debug|x86.Build.0 = Debug|Any CPU
		{ED78FB99-5966-4F10-B03F-AB0E7777DB93}.Release|Any CPU.ActiveCfg = Release|Any CPU
		{ED78FB99-5966-4F10-B03F-AB0E7777DB93}.Release|Any CPU.Build.0 = Release|Any CPU
		{ED78FB99-5966-4F10-B03F-AB0E7777DB93}.Release|x64.ActiveCfg = Release|Any CPU
		{ED78FB99-5966-4F10-B03F-AB0E7777DB93}.Release|x64.Build.0 = Release|Any CPU
		{ED78FB99-5966-4F10-B03F-AB0E7777DB93}.Release|x86.ActiveCfg = Release|Any CPU
		{ED78FB99-5966-4F10-B03F-AB0E7777DB93}.Release|x86.Build.0 = Release|Any CPU
		{9BD6D508-402E-4C80-89D9-807F434A8915}.Debug|Any CPU.ActiveCfg = Debug|Any CPU
		{9BD6D508-402E-4C80-89D9-807F434A8915}.Debug|Any CPU.Build.0 = Debug|Any CPU
		{9BD6D508-402E-4C80-89D9-807F434A8915}.Debug|x64.ActiveCfg = Debug|Any CPU
		{9BD6D508-402E-4C80-89D9-807F434A8915}.Debug|x64.Build.0 = Debug|Any CPU
		{9BD6D508-402E-4C80-89D9-807F434A8915}.Debug|x86.ActiveCfg = Debug|Any CPU
		{9BD6D508-402E-4C80-89D9-807F434A8915}.Debug|x86.Build.0 = Debug|Any CPU
		{9BD6D508-402E-4C80-89D9-807F434A8915}.Release|Any CPU.ActiveCfg = Release|Any CPU
		{9BD6D508-402E-4C80-89D9-807F434A8915}.Release|Any CPU.Build.0 = Release|Any CPU
		{9BD6D508-402E-4C80-89D9-807F434A8915}.Release|x64.ActiveCfg = Release|Any CPU
		{9BD6D508-402E-4C80-89D9-807F434A8915}.Release|x64.Build.0 = Release|Any CPU
		{9BD6D508-402E-4C80-89D9-807F434A8915}.Release|x86.ActiveCfg = Release|Any CPU
		{9BD6D508-402E-4C80-89D9-807F434A8915}.Release|x86.Build.0 = Release|Any CPU
	EndGlobalSection
	GlobalSection(SolutionProperties) = preSolution
		HideSolutionNode = FALSE
	EndGlobalSection
	GlobalSection(NestedProjects) = preSolution
		{C8E42992-5E42-0C2B-DBFE-AA848D06431C} = {827E0CD3-B72D-47B6-A68D-7590B98EB39B}
		{9AD33B16-4049-4628-94A7-D3F2BCDE7ADB} = {C8E42992-5E42-0C2B-DBFE-AA848D06431C}
		{984BB9B3-3FA3-BE33-9484-CAC21695A33C} = {827E0CD3-B72D-47B6-A68D-7590B98EB39B}
		{F6747835-2FAA-09D3-7524-91D035929349} = {984BB9B3-3FA3-BE33-9484-CAC21695A33C}
		{427CFF4E-294A-405C-A99B-929DE6C409F0} = {F6747835-2FAA-09D3-7524-91D035929349}
		{53ACEB46-79C5-4A3B-808F-90388119CAA1} = {F6747835-2FAA-09D3-7524-91D035929349}
		{8D3F3748-3CB2-49C7-98C9-AF8EDCFFF3C7} = {F6747835-2FAA-09D3-7524-91D035929349}
		{84946866-27BC-46CD-A0C4-EA3BACE18A32} = {F6747835-2FAA-09D3-7524-91D035929349}
		{4D0E6B2A-90C3-60D0-DC3B-430151A7E371} = {984BB9B3-3FA3-BE33-9484-CAC21695A33C}
		{78BFCDBB-7137-400E-B48E-B70C40E8032D} = {4D0E6B2A-90C3-60D0-DC3B-430151A7E371}
		{6C281601-1884-4AF0-AA7C-D464F1CFD304} = {4D0E6B2A-90C3-60D0-DC3B-430151A7E371}
		{55EBAC02-E07E-4DA8-8BE6-33A4FF98DB5C} = {4D0E6B2A-90C3-60D0-DC3B-430151A7E371}
		{ED1EE665-14D1-4A55-9401-7A33628A5F39} = {4D0E6B2A-90C3-60D0-DC3B-430151A7E371}
		{FE5F7021-A3C9-35C7-FF50-8DA81625868E} = {827E0CD3-B72D-47B6-A68D-7590B98EB39B}
		{E261D768-982E-476E-8DFA-332E5FFAFA97} = {FE5F7021-A3C9-35C7-FF50-8DA81625868E}
		{42299874-777B-F2D0-9D08-D24097ABCE7E} = {827E0CD3-B72D-47B6-A68D-7590B98EB39B}
		{FD33D894-A4BE-4377-9D35-360ADA06F85E} = {42299874-777B-F2D0-9D08-D24097ABCE7E}
		{ED78FB99-5966-4F10-B03F-AB0E7777DB93} = {0AB3BF05-4346-4AA6-1389-037BE0695223}
		{9BD6D508-402E-4C80-89D9-807F434A8915} = {0AB3BF05-4346-4AA6-1389-037BE0695223}
	EndGlobalSection
EndGlobal
